
Microsoft Visual Studio Solution File, Format Version 12.00
# Visual Studio Version 17
VisualStudioVersion = 17.5.33530.505
MinimumVisualStudioVersion = 10.0.40219.1
Project("{9A19103F-16F7-4668-BE54-9A1E7A4F7556}") = "WebAppStock", "WebAppStock.csproj", "{1521AF3F-BA6D-4B3A-ADBB-9D41471DACBB}"
EndProject
Project("{FAE04EC0-301F-11D3-BF4B-00C04F79EFBC}") = "WebAppStockAPI", "..\WebAppStockAPI\WebAppStockAPI.csproj", "{11C7115A-5420-42D9-881C-B8A984C5C800}"
EndProject
Global
	GlobalSection(SolutionConfigurationPlatforms) = preSolution
		Debug|Any CPU = Debug|Any CPU
		Release|Any CPU = Release|Any CPU
	EndGlobalSection
	GlobalSection(ProjectConfigurationPlatforms) = postSolution
		{1521AF3F-BA6D-4B3A-ADBB-9D41471DACBB}.Debug|Any CPU.ActiveCfg = Debug|Any CPU
		{1521AF3F-BA6D-4B3A-ADBB-9D41471DACBB}.Debug|Any CPU.Build.0 = Debug|Any CPU
		{1521AF3F-BA6D-4B3A-ADBB-9D41471DACBB}.Release|Any CPU.ActiveCfg = Release|Any CPU
		{1521AF3F-BA6D-4B3A-ADBB-9D41471DACBB}.Release|Any CPU.Build.0 = Release|Any CPU
		{11C7115A-5420-42D9-881C-B8A984C5C800}.Debug|Any CPU.ActiveCfg = Debug|Any CPU
		{11C7115A-5420-42D9-881C-B8A984C5C800}.Debug|Any CPU.Build.0 = Debug|Any CPU
		{11C7115A-5420-42D9-881C-B8A984C5C800}.Release|Any CPU.ActiveCfg = Release|Any CPU
		{11C7115A-5420-42D9-881C-B8A984C5C800}.Release|Any CPU.Build.0 = Release|Any CPU
	EndGlobalSection
	GlobalSection(SolutionProperties) = preSolution
		HideSolutionNode = FALSE
	EndGlobalSection
	GlobalSection(ExtensibilityGlobals) = postSolution
		SolutionGuid = {E792BFF4-8CED-4290-90DE-69A646AB463D}
	EndGlobalSection
EndGlobal
